
Microsoft Visual Studio Solution File, Format Version 12.00
# Visual Studio Version 17
VisualStudioVersion = 17.10.35122.118
MinimumVisualStudioVersion = 10.0.40219.1
Project("{FAE04EC0-301F-11D3-BF4B-00C04F79EFBC}") = "oldwebapp", "oldwebapp.csproj", "{A6C953DB-BEC7-4674-8976-118B42809B52}"
EndProject
Project("{FAE04EC0-301F-11D3-BF4B-00C04F79EFBC}") = "oldwebapp.Tests", "..\oldwebapp.Tests\oldwebapp.Tests.csproj", "{57003F92-123F-4395-B655-5315DA3B787E}"
EndProject
Global
	GlobalSection(SolutionConfigurationPlatforms) = preSolution
		Debug|Any CPU = Debug|Any CPU
		Release|Any CPU = Release|Any CPU
	EndGlobalSection
	GlobalSection(ProjectConfigurationPlatforms) = postSolution
		{A6C953DB-BEC7-4674-8976-118B42809B52}.Debug|Any CPU.ActiveCfg = Debug|Any CPU
		{A6C953DB-BEC7-4674-8976-118B42809B52}.Debug|Any CPU.Build.0 = Debug|Any CPU
		{A6C953DB-BEC7-4674-8976-118B42809B52}.Release|Any CPU.ActiveCfg = Release|Any CPU
		{A6C953DB-BEC7-4674-8976-118B42809B52}.Release|Any CPU.Build.0 = Release|Any CPU
		{57003F92-123F-4395-B655-5315DA3B787E}.Debug|Any CPU.ActiveCfg = Debug|Any CPU
		{57003F92-123F-4395-B655-5315DA3B787E}.Debug|Any CPU.Build.0 = Debug|Any CPU
		{57003F92-123F-4395-B655-5315DA3B787E}.Release|Any CPU.ActiveCfg = Release|Any CPU
		{57003F92-123F-4395-B655-5315DA3B787E}.Release|Any CPU.Build.0 = Release|Any CPU
	EndGlobalSection
	GlobalSection(SolutionProperties) = preSolution
		HideSolutionNode = FALSE
	EndGlobalSection
	GlobalSection(ExtensibilityGlobals) = postSolution
		SolutionGuid = {B441255A-E3EC-4EF3-8AB9-1914F49C726B}
	EndGlobalSection
EndGlobal
